{
  "name": "xxx",
  "version": "1.0.0",
  "lockfileVersion": 1,
  "requires": true,
  "dependencies": {
    "lodash": {
      "version": "4.17.11",
      "resolved": "https://registry.npmjs.org/lodash/-/lodash-4.17.11.tgz",
      "integrity": "sha512-cQKh8igo5QUhZ7lg38DYWAxMvjSAKG0A8wGSVimP07SIUEK2UO+arSRKbRZWtelMtN5V0Hkwh5ryOto/SshYIg=="
    },
    "mitt": {
      "version": "1.1.3",
      "resolved": "https://registry.npmjs.org/mitt/-/mitt-1.1.3.tgz",
      "integrity": "sha512-mUDCnVNsAi+eD6qA0HkRkwYczbLHJ49z17BGe2PYRhZL4wpZUFZGJHU7/5tmvohoma+Hdn0Vh/oJTiPEmgSruA=="
    },
    "postal": {
      "version": "2.0.5",
      "resolved": "https://registry.npmjs.org/postal/-/postal-2.0.5.tgz",
      "integrity": "sha1-f58DWUOiTaqZY6xaU7XQzwffJLk=",
      "requires": {
        "lodash": "^4.12.0"
      }
    },
    "rxjs": {
      "version": "6.3.3",
      "resolved": "https://registry.npmjs.org/rxjs/-/rxjs-6.3.3.tgz",
      "integrity": "sha512-JTWmoY9tWCs7zvIk/CvRjhjGaOd+OVBM987mxFo+OW66cGpdKjZcpmc74ES1sB//7Kl/PAe8+wEakuhG4pcgOw==",
      "requires": {
        "tslib": "^1.9.0"
      }
    },
    "rxjs-compat": {
      "version": "6.3.3",
      "resolved": "https://registry.npmjs.org/rxjs-compat/-/rxjs-compat-6.3.3.tgz",
      "integrity": "sha512-caGN7ixiabHpOofginKEquuHk7GgaCrC7UpUQ9ZqGp80tMc68msadOeP/2AKy2R4YJsT1+TX5GZCtxO82qWkyA=="
    },
    "rxmq": {
      "version": "1.2.2",
      "resolved": "https://registry.npmjs.org/rxmq/-/rxmq-1.2.2.tgz",
      "integrity": "sha512-ioVHK5gZ3o8A5/EhcaU03S3E1GJLNdmKFYdQlkvuY4dXfAImQIIuodFaanLSaDOb2jAbZHwa2DPjtwC0wEgQdg==",
      "requires": {
        "rxjs": "^6.3.3",
        "rxjs-compat": "^6.3.3"
      }
    },
    "tslib": {
      "version": "1.9.3",
      "resolved": "https://registry.npmjs.org/tslib/-/tslib-1.9.3.tgz",
      "integrity": "sha512-4krF8scpejhaOgqzBEcGM7yDIEfi0/8+8zDRZhNZZ2kjmHJ4hv3zCbQWxoJGz1iw5U0Jl0nma13xzHXcncMavQ=="
    }
  }
}
